
Microsoft Visual Studio Solution File, Format Version 12.00
# Visual Studio Version 16
VisualStudioVersion = 16.0.31613.86
MinimumVisualStudioVersion = 10.0.40219.1
Project("{FAE04EC0-301F-11D3-BF4B-00C04F79EFBC}") = "CodeApp.Common", "CodeApp.Common\CodeApp.Common.csproj", "{CD6E1578-AB75-46F9-B23F-0D11B14BA174}"
EndProject
Project("{FAE04EC0-301F-11D3-BF4B-00C04F79EFBC}") = "CodeApp.Common.Tests", "CodeApp.Common.Tests\CodeApp.Common.Tests.csproj", "{658BB448-6C76-42EF-A3DC-6C9D1D8CB7C0}"
EndProject
Project("{2150E333-8FDC-42A3-9474-1A3956D46DE8}") = "Tests", "Tests", "{7CFC3704-465B-4B8C-B257-DA7A9961F6EA}"
EndProject
Project("{FAE04EC0-301F-11D3-BF4B-00C04F79EFBC}") = "CodeApp.DB", "CodeApp.DB\CodeApp.DB.csproj", "{5B1AF469-1BB6-4610-905A-E5CE96A95917}"
EndProject
Project("{FAE04EC0-301F-11D3-BF4B-00C04F79EFBC}") = "CodeApp.DB.Tests", "CodeApp.DB.Tests\CodeApp.DB.Tests.csproj", "{678B86BA-0022-4FC5-B8B5-DC20E2987B75}"
EndProject
Global
	GlobalSection(SolutionConfigurationPlatforms) = preSolution
		Debug|Any CPU = Debug|Any CPU
		Release|Any CPU = Release|Any CPU
	EndGlobalSection
	GlobalSection(ProjectConfigurationPlatforms) = postSolution
		{CD6E1578-AB75-46F9-B23F-0D11B14BA174}.Debug|Any CPU.ActiveCfg = Debug|Any CPU
		{CD6E1578-AB75-46F9-B23F-0D11B14BA174}.Debug|Any CPU.Build.0 = Debug|Any CPU
		{CD6E1578-AB75-46F9-B23F-0D11B14BA174}.Release|Any CPU.ActiveCfg = Release|Any CPU
		{CD6E1578-AB75-46F9-B23F-0D11B14BA174}.Release|Any CPU.Build.0 = Release|Any CPU
		{658BB448-6C76-42EF-A3DC-6C9D1D8CB7C0}.Debug|Any CPU.ActiveCfg = Debug|Any CPU
		{658BB448-6C76-42EF-A3DC-6C9D1D8CB7C0}.Debug|Any CPU.Build.0 = Debug|Any CPU
		{658BB448-6C76-42EF-A3DC-6C9D1D8CB7C0}.Release|Any CPU.ActiveCfg = Release|Any CPU
		{658BB448-6C76-42EF-A3DC-6C9D1D8CB7C0}.Release|Any CPU.Build.0 = Release|Any CPU
		{5B1AF469-1BB6-4610-905A-E5CE96A95917}.Debug|Any CPU.ActiveCfg = Debug|Any CPU
		{5B1AF469-1BB6-4610-905A-E5CE96A95917}.Debug|Any CPU.Build.0 = Debug|Any CPU
		{5B1AF469-1BB6-4610-905A-E5CE96A95917}.Release|Any CPU.ActiveCfg = Release|Any CPU
		{5B1AF469-1BB6-4610-905A-E5CE96A95917}.Release|Any CPU.Build.0 = Release|Any CPU
		{678B86BA-0022-4FC5-B8B5-DC20E2987B75}.Debug|Any CPU.ActiveCfg = Debug|Any CPU
		{678B86BA-0022-4FC5-B8B5-DC20E2987B75}.Debug|Any CPU.Build.0 = Debug|Any CPU
		{678B86BA-0022-4FC5-B8B5-DC20E2987B75}.Release|Any CPU.ActiveCfg = Release|Any CPU
		{678B86BA-0022-4FC5-B8B5-DC20E2987B75}.Release|Any CPU.Build.0 = Release|Any CPU
	EndGlobalSection
	GlobalSection(SolutionProperties) = preSolution
		HideSolutionNode = FALSE
	EndGlobalSection
	GlobalSection(NestedProjects) = preSolution
		{658BB448-6C76-42EF-A3DC-6C9D1D8CB7C0} = {7CFC3704-465B-4B8C-B257-DA7A9961F6EA}
		{678B86BA-0022-4FC5-B8B5-DC20E2987B75} = {7CFC3704-465B-4B8C-B257-DA7A9961F6EA}
	EndGlobalSection
	GlobalSection(ExtensibilityGlobals) = postSolution
		SolutionGuid = {37341904-EDDE-46AF-B85B-ADE1409BD259}
	EndGlobalSection
EndGlobal
